# THIS IS AN AUTOGENERATED FILE. DO NOT EDIT THIS FILE DIRECTLY.
# yarn lockfile v1


apollojs@^1.3.0:
  version "1.3.0"
  resolved "https://registry.yarnpkg.com/apollojs/-/apollojs-1.3.0.tgz#5f7b00304d9740e2a7be5b52c7c0807d51f9255e"

encoding@^0.1.12:
  version "0.1.12"
  resolved "https://registry.yarnpkg.com/encoding/-/encoding-0.1.12.tgz#538b66f3ee62cd1ab51ec323829d1f9480c74beb"
  dependencies:
    iconv-lite "~0.4.13"

entities@^1.1.1:
  version "1.1.1"
  resolved "https://registry.yarnpkg.com/entities/-/entities-1.1.1.tgz#6e5c2d0a5621b5dadaecef80b90edfb5cd7772f0"

fast-html-parser@^1.0.1:
  version "1.0.1"
  resolved "https://registry.yarnpkg.com/fast-html-parser/-/fast-html-parser-1.0.1.tgz#4ecc9683b8bb79afe11a50807b7853e79256cea2"
  dependencies:
    apollojs "^1.3.0"
    entities "^1.1.1"

iconv-lite@~0.4.11, iconv-lite@~0.4.13:
  version "0.4.19"
  resolved "https://registry.yarnpkg.com/iconv-lite/-/iconv-lite-0.4.19.tgz#f7468f60135f5e5dad3399c0a81be9a1603a082b"

jquery@^3.1.1:
  version "3.2.1"
  resolved "https://registry.yarnpkg.com/jquery/-/jquery-3.2.1.tgz#5c4d9de652af6cd0a770154a631bba12b015c787"

urlencode@^1.1.0:
  version "1.1.0"
  resolved "https://registry.yarnpkg.com/urlencode/-/urlencode-1.1.0.tgz#1f2ba26f013c85f0133f7a3ad6ff2730adf7cbb7"
  dependencies:
    iconv-lite "~0.4.11"
